// !$*UTF8*$!
{
	archiveVersion = 1;
	classes = {
	};
	objectVersion = 56;
	objects = {

/* Begin PBXBuildFile section */
		8F167261C2ABB230FD88F202 /* Pods_ModuleC.framework in Frameworks */ = {isa = PBXBuildFile; fileRef = D4DC0A8CDF5CDFC57EBE7429 /* Pods_ModuleC.framework */; };
		9A0A30248F8D1364457EB4FD /* Pods_ModuleC_ModuleCTests.framework in Frameworks */ = {isa = PBXBuildFile; fileRef = 9C844BFD16B080518A8A15F5 /* Pods_ModuleC_ModuleCTests.framework */; };
		B93B5D922B91127100FC528D /* ModuleC.docc in Sources */ = {isa = PBXBuildFile; fileRef = B93B5D912B91127100FC528D /* ModuleC.docc */; };
		B93B5D982B91127100FC528D /* ModuleC.framework in Frameworks */ = {isa = PBXBuildFile; fileRef = B93B5D8D2B91127100FC528D /* ModuleC.framework */; };
		B93B5D9D2B91127100FC528D /* ModuleCTests.swift in Sources */ = {isa = PBXBuildFile; fileRef = B93B5D9C2B91127100FC528D /* ModuleCTests.swift */; };
		B93B5D9E2B91127100FC528D /* ModuleC.h in Headers */ = {isa = PBXBuildFile; fileRef = B93B5D902B91127100FC528D /* ModuleC.h */; settings = {ATTRIBUTES = (Public, ); }; };
		B93B5DA82B9112ED00FC528D /* ModuleC.swift in Sources */ = {isa = PBXBuildFile; fileRef = B93B5DA72B9112ED00FC528D /* ModuleC.swift */; };
/* End PBXBuildFile section */

/* Begin PBXContainerItemProxy section */
		B93B5D992B91127100FC528D /* PBXContainerItemProxy */ = {
			isa = PBXContainerItemProxy;
			containerPortal = B93B5D842B91127100FC528D /* Project object */;
			proxyType = 1;
			remoteGlobalIDString = B93B5D8C2B91127100FC528D;
			remoteInfo = ModuleC;
		};
/* End PBXContainerItemProxy section */

/* Begin PBXFileReference section */
		2ADEBB98BB9DE37CD4597FF9 /* Pods-ModuleC-ModuleCTests.release.xcconfig */ = {isa = PBXFileReference; includeInIndex = 1; lastKnownFileType = text.xcconfig; name = "Pods-ModuleC-ModuleCTests.release.xcconfig"; path = "Target Support Files/Pods-ModuleC-ModuleCTests/Pods-ModuleC-ModuleCTests.release.xcconfig"; sourceTree = "<group>"; };
		9C844BFD16B080518A8A15F5 /* Pods_ModuleC_ModuleCTests.framework */ = {isa = PBXFileReference; explicitFileType = wrapper.framework; includeInIndex = 0; path = Pods_ModuleC_ModuleCTests.framework; sourceTree = BUILT_PRODUCTS_DIR; };
		B93B5D8D2B91127100FC528D /* ModuleC.framework */ = {isa = PBXFileReference; explicitFileType = wrapper.framework; includeInIndex = 0; path = ModuleC.framework; sourceTree = BUILT_PRODUCTS_DIR; };
		B93B5D902B91127100FC528D /* ModuleC.h */ = {isa = PBXFileReference; lastKnownFileType = sourcecode.c.h; path = ModuleC.h; sourceTree = "<group>"; };
		B93B5D912B91127100FC528D /* ModuleC.docc */ = {isa = PBXFileReference; lastKnownFileType = folder.documentationcatalog; path = ModuleC.docc; sourceTree = "<group>"; };
		B93B5D972B91127100FC528D /* ModuleCTests.xctest */ = {isa = PBXFileReference; explicitFileType = wrapper.cfbundle; includeInIndex = 0; path = ModuleCTests.xctest; sourceTree = BUILT_PRODUCTS_DIR; };
		B93B5D9C2B91127100FC528D /* ModuleCTests.swift */ = {isa = PBXFileReference; lastKnownFileType = sourcecode.swift; path = ModuleCTests.swift; sourceTree = "<group>"; };
		B93B5DA72B9112ED00FC528D /* ModuleC.swift */ = {isa = PBXFileReference; lastKnownFileType = sourcecode.swift; path = ModuleC.swift; sourceTree = "<group>"; };
		BC99780FACF7421D115AD403 /* Pods-ModuleC.debug.xcconfig */ = {isa = PBXFileReference; includeInIndex = 1; lastKnownFileType = text.xcconfig; name = "Pods-ModuleC.debug.xcconfig"; path = "Target Support Files/Pods-ModuleC/Pods-ModuleC.debug.xcconfig"; sourceTree = "<group>"; };
		D4DC0A8CDF5CDFC57EBE7429 /* Pods_ModuleC.framework */ = {isa = PBXFileReference; explicitFileType = wrapper.framework; includeInIndex = 0; path = Pods_ModuleC.framework; sourceTree = BUILT_PRODUCTS_DIR; };
		E442A961090E0688CAEAA104 /* Pods-ModuleC.release.xcconfig */ = {isa = PBXFileReference; includeInIndex = 1; lastKnownFileType = text.xcconfig; name = "Pods-ModuleC.release.xcconfig"; path = "Target Support Files/Pods-ModuleC/Pods-ModuleC.release.xcconfig"; sourceTree = "<group>"; };
		F42B3CED6BD114FF66AB7F15 /* Pods-ModuleC-ModuleCTests.debug.xcconfig */ = {isa = PBXFileReference; includeInIndex = 1; lastKnownFileType = text.xcconfig; name = "Pods-ModuleC-ModuleCTests.debug.xcconfig"; path = "Target Support Files/Pods-ModuleC-ModuleCTests/Pods-ModuleC-ModuleCTests.debug.xcconfig"; sourceTree = "<group>"; };
/* End PBXFileReference section */

/* Begin PBXFrameworksBuildPhase section */
		B93B5D8A2B91127100FC528D /* Frameworks */ = {
			isa = PBXFrameworksBuildPhase;
			buildActionMask = 2147483647;
			files = (
				8F167261C2ABB230FD88F202 /* Pods_ModuleC.framework in Frameworks */,
			);
			runOnlyForDeploymentPostprocessing = 0;
		};
		B93B5D942B91127100FC528D /* Frameworks */ = {
			isa = PBXFrameworksBuildPhase;
			buildActionMask = 2147483647;
			files = (
				B93B5D982B91127100FC528D /* ModuleC.framework in Frameworks */,
				9A0A30248F8D1364457EB4FD /* Pods_ModuleC_ModuleCTests.framework in Frameworks */,
			);
			runOnlyForDeploymentPostprocessing = 0;
		};
/* End PBXFrameworksBuildPhase section */

/* Begin PBXGroup section */
		72E0DB41204EDD5801C84369 /* Pods */ = {
			isa = PBXGroup;
			children = (
				BC99780FACF7421D115AD403 /* Pods-ModuleC.debug.xcconfig */,
				E442A961090E0688CAEAA104 /* Pods-ModuleC.release.xcconfig */,
				F42B3CED6BD114FF66AB7F15 /* Pods-ModuleC-ModuleCTests.debug.xcconfig */,
				2ADEBB98BB9DE37CD4597FF9 /* Pods-ModuleC-ModuleCTests.release.xcconfig */,
			);
			path = Pods;
			sourceTree = "<group>";
		};
		B93B5D832B91127100FC528D = {
			isa = PBXGroup;
			children = (
				B93B5D8F2B91127100FC528D /* ModuleC */,
				B93B5D9B2B91127100FC528D /* ModuleCTests */,
				B93B5D8E2B91127100FC528D /* Products */,
				72E0DB41204EDD5801C84369 /* Pods */,
				CF198699DD364A703DBE8367 /* Frameworks */,
			);
			sourceTree = "<group>";
		};
		B93B5D8E2B91127100FC528D /* Products */ = {
			isa = PBXGroup;
			children = (
				B93B5D8D2B91127100FC528D /* ModuleC.framework */,
				B93B5D972B91127100FC528D /* ModuleCTests.xctest */,
			);
			name = Products;
			sourceTree = "<group>";
		};
		B93B5D8F2B91127100FC528D /* ModuleC */ = {
			isa = PBXGroup;
			children = (
				B93B5D902B91127100FC528D /* ModuleC.h */,
				B93B5D912B91127100FC528D /* ModuleC.docc */,
				B93B5DA72B9112ED00FC528D /* ModuleC.swift */,
			);
			path = ModuleC;
			sourceTree = "<group>";
		};
		B93B5D9B2B91127100FC528D /* ModuleCTests */ = {
			isa = PBXGroup;
			children = (
				B93B5D9C2B91127100FC528D /* ModuleCTests.swift */,
			);
			path = ModuleCTests;
			sourceTree = "<group>";
		};
		CF198699DD364A703DBE8367 /* Frameworks */ = {
			isa = PBXGroup;
			children = (
				D4DC0A8CDF5CDFC57EBE7429 /* Pods_ModuleC.framework */,
				9C844BFD16B080518A8A15F5 /* Pods_ModuleC_ModuleCTests.framework */,
			);
			name = Frameworks;
			sourceTree = "<group>";
		};
/* End PBXGroup section */

/* Begin PBXHeadersBuildPhase section */
		B93B5D882B91127100FC528D /* Headers */ = {
			isa = PBXHeadersBuildPhase;
			buildActionMask = 2147483647;
			files = (
				B93B5D9E2B91127100FC528D /* ModuleC.h in Headers */,
			);
			runOnlyForDeploymentPostprocessing = 0;
		};
/* End PBXHeadersBuildPhase section */

/* Begin PBXNativeTarget section */
		B93B5D8C2B91127100FC528D /* ModuleC */ = {
			isa = PBXNativeTarget;
			buildConfigurationList = B93B5DA12B91127100FC528D /* Build configuration list for PBXNativeTarget "ModuleC" */;
			buildPhases = (
				9D813B80E1715F928AC0D572 /* [CP] Check Pods Manifest.lock */,
				B93B5D882B91127100FC528D /* Headers */,
				B93B5D892B91127100FC528D /* Sources */,
				B93B5D8A2B91127100FC528D /* Frameworks */,
				B93B5D8B2B91127100FC528D /* Resources */,
			);
			buildRules = (
			);
			dependencies = (
			);
			name = ModuleC;
			productName = ModuleC;
			productReference = B93B5D8D2B91127100FC528D /* ModuleC.framework */;
			productType = "com.apple.product-type.framework";
		};
		B93B5D962B91127100FC528D /* ModuleCTests */ = {
			isa = PBXNativeTarget;
			buildConfigurationList = B93B5DA42B91127100FC528D /* Build configuration list for PBXNativeTarget "ModuleCTests" */;
			buildPhases = (
				87B08A16E31036B612DC2CB5 /* [CP] Check Pods Manifest.lock */,
				B93B5D932B91127100FC528D /* Sources */,
				B93B5D942B91127100FC528D /* Frameworks */,
				B93B5D952B91127100FC528D /* Resources */,
				1A68BA58F65813D4B2221284 /* [CP] Embed Pods Frameworks */,
			);
			buildRules = (
			);
			dependencies = (
				B93B5D9A2B91127100FC528D /* PBXTargetDependency */,
			);
			name = ModuleCTests;
			productName = ModuleCTests;
			productReference = B93B5D972B91127100FC528D /* ModuleCTests.xctest */;
			productType = "com.apple.product-type.bundle.unit-test";
		};
/* End PBXNativeTarget section */

/* Begin PBXProject section */
		B93B5D842B91127100FC528D /* Project object */ = {
			isa = PBXProject;
			attributes = {
				BuildIndependentTargetsInParallel = 1;
				LastSwiftUpdateCheck = 1520;
				LastUpgradeCheck = 1520;
				TargetAttributes = {
					B93B5D8C2B91127100FC528D = {
						CreatedOnToolsVersion = 15.2;
					};
					B93B5D962B91127100FC528D = {
						CreatedOnToolsVersion = 15.2;
					};
				};
			};
			buildConfigurationList = B93B5D872B91127100FC528D /* Build configuration list for PBXProject "ModuleC" */;
			compatibilityVersion = "Xcode 14.0";
			developmentRegion = en;
			hasScannedForEncodings = 0;
			knownRegions = (
				en,
				Base,
			);
			mainGroup = B93B5D832B91127100FC528D;
			productRefGroup = B93B5D8E2B91127100FC528D /* Products */;
			projectDirPath = "";
			projectRoot = "";
			targets = (
				B93B5D8C2B91127100FC528D /* ModuleC */,
				B93B5D962B91127100FC528D /* ModuleCTests */,
			);
		};
/* End PBXProject section */

/* Begin PBXResourcesBuildPhase section */
		B93B5D8B2B91127100FC528D /* Resources */ = {
			isa = PBXResourcesBuildPhase;
			buildActionMask = 2147483647;
			files = (
			);
			runOnlyForDeploymentPostprocessing = 0;
		};
		B93B5D952B91127100FC528D /* Resources */ = {
			isa = PBXResourcesBuildPhase;
			buildActionMask = 2147483647;
			files = (
			);
			runOnlyForDeploymentPostprocessing = 0;
		};
/* End PBXResourcesBuildPhase section */

/* Begin PBXShellScriptBuildPhase section */
		1A68BA58F65813D4B2221284 /* [CP] Embed Pods Frameworks */ = {
			isa = PBXShellScriptBuildPhase;
			buildActionMask = 2147483647;
			files = (
			);
			inputFileListPaths = (
				"${PODS_ROOT}/Target Support Files/Pods-ModuleC-ModuleCTests/Pods-ModuleC-ModuleCTests-frameworks-${CONFIGURATION}-input-files.xcfilelist",
			);
			name = "[CP] Embed Pods Frameworks";
			outputFileListPaths = (
				"${PODS_ROOT}/Target Support Files/Pods-ModuleC-ModuleCTests/Pods-ModuleC-ModuleCTests-frameworks-${CONFIGURATION}-output-files.xcfilelist",
			);
			runOnlyForDeploymentPostprocessing = 0;
			shellPath = /bin/sh;
			shellScript = "\"${PODS_ROOT}/Target Support Files/Pods-ModuleC-ModuleCTests/Pods-ModuleC-ModuleCTests-frameworks.sh\"\n";
			showEnvVarsInLog = 0;
		};
		87B08A16E31036B612DC2CB5 /* [CP] Check Pods Manifest.lock */ = {
			isa = PBXShellScriptBuildPhase;
			buildActionMask = 2147483647;
			files = (
			);
			inputFileListPaths = (
			);
			inputPaths = (
				"${PODS_PODFILE_DIR_PATH}/Podfile.lock",
				"${PODS_ROOT}/Manifest.lock",
			);
			name = "[CP] Check Pods Manifest.lock";
			outputFileListPaths = (
			);
			outputPaths = (
				"$(DERIVED_FILE_DIR)/Pods-ModuleC-ModuleCTests-checkManifestLockResult.txt",
			);
			runOnlyForDeploymentPostprocessing = 0;
			shellPath = /bin/sh;
			shellScript = "diff \"${PODS_PODFILE_DIR_PATH}/Podfile.lock\" \"${PODS_ROOT}/Manifest.lock\" > /dev/null\nif [ $? != 0 ] ; then\n    # print error to STDERR\n    echo \"error: The sandbox is not in sync with the Podfile.lock. Run 'pod install' or update your CocoaPods installation.\" >&2\n    exit 1\nfi\n# This output is used by Xcode 'outputs' to avoid re-running this script phase.\necho \"SUCCESS\" > \"${SCRIPT_OUTPUT_FILE_0}\"\n";
			showEnvVarsInLog = 0;
		};
		9D813B80E1715F928AC0D572 /* [CP] Check Pods Manifest.lock */ = {
			isa = PBXShellScriptBuildPhase;
			buildActionMask = 2147483647;
			files = (
			);
			inputFileListPaths = (
			);
			inputPaths = (
				"${PODS_PODFILE_DIR_PATH}/Podfile.lock",
				"${PODS_ROOT}/Manifest.lock",
			);
			name = "[CP] Check Pods Manifest.lock";
			outputFileListPaths = (
			);
			outputPaths = (
				"$(DERIVED_FILE_DIR)/Pods-ModuleC-checkManifestLockResult.txt",
			);
			runOnlyForDeploymentPostprocessing = 0;
			shellPath = /bin/sh;
			shellScript = "diff \"${PODS_PODFILE_DIR_PATH}/Podfile.lock\" \"${PODS_ROOT}/Manifest.lock\" > /dev/null\nif [ $? != 0 ] ; then\n    # print error to STDERR\n    echo \"error: The sandbox is not in sync with the Podfile.lock. Run 'pod install' or update your CocoaPods installation.\" >&2\n    exit 1\nfi\n# This output is used by Xcode 'outputs' to avoid re-running this script phase.\necho \"SUCCESS\" > \"${SCRIPT_OUTPUT_FILE_0}\"\n";
			showEnvVarsInLog = 0;
		};
/* End PBXShellScriptBuildPhase section */

/* Begin PBXSourcesBuildPhase section */
		B93B5D892B91127100FC528D /* Sources */ = {
			isa = PBXSourcesBuildPhase;
			buildActionMask = 2147483647;
			files = (
				B93B5D922B91127100FC528D /* ModuleC.docc in Sources */,
				B93B5DA82B9112ED00FC528D /* ModuleC.swift in Sources */,
			);
			runOnlyForDeploymentPostprocessing = 0;
		};
		B93B5D932B91127100FC528D /* Sources */ = {
			isa = PBXSourcesBuildPhase;
			buildActionMask = 2147483647;
			files = (
				B93B5D9D2B91127100FC528D /* ModuleCTests.swift in Sources */,
			);
			runOnlyForDeploymentPostprocessing = 0;
		};
/* End PBXSourcesBuildPhase section */

/* Begin PBXTargetDependency section */
		B93B5D9A2B91127100FC528D /* PBXTargetDependency */ = {
			isa = PBXTargetDependency;
			target = B93B5D8C2B91127100FC528D /* ModuleC */;
			targetProxy = B93B5D992B91127100FC528D /* PBXContainerItemProxy */;
		};
/* End PBXTargetDependency section */

/* Begin XCBuildConfiguration section */
		B93B5D9F2B91127100FC528D /* Debug */ = {
			isa = XCBuildConfiguration;
			buildSettings = {
				ALWAYS_SEARCH_USER_PATHS = NO;
				ASSETCATALOG_COMPILER_GENERATE_SWIFT_ASSET_SYMBOL_EXTENSIONS = YES;
				CLANG_ANALYZER_NONNULL = YES;
				CLANG_ANALYZER_NUMBER_OBJECT_CONVERSION = YES_AGGRESSIVE;
				CLANG_CXX_LANGUAGE_STANDARD = "gnu++20";
				CLANG_ENABLE_MODULES = YES;
				CLANG_ENABLE_OBJC_ARC = YES;
				CLANG_ENABLE_OBJC_WEAK = YES;
				CLANG_WARN_BLOCK_CAPTURE_AUTORELEASING = YES;
				CLANG_WARN_BOOL_CONVERSION = YES;
				CLANG_WARN_COMMA = YES;
				CLANG_WARN_CONSTANT_CONVERSION = YES;
				CLANG_WARN_DEPRECATED_OBJC_IMPLEMENTATIONS = YES;
				CLANG_WARN_DIRECT_OBJC_ISA_USAGE = YES_ERROR;
				CLANG_WARN_DOCUMENTATION_COMMENTS = YES;
				CLANG_WARN_EMPTY_BODY = YES;
				CLANG_WARN_ENUM_CONVERSION = YES;
				CLANG_WARN_INFINITE_RECURSION = YES;
				CLANG_WARN_INT_CONVERSION = YES;
				CLANG_WARN_NON_LITERAL_NULL_CONVERSION = YES;
				CLANG_WARN_OBJC_IMPLICIT_RETAIN_SELF = YES;
				CLANG_WARN_OBJC_LITERAL_CONVERSION = YES;
				CLANG_WARN_OBJC_ROOT_CLASS = YES_ERROR;
				CLANG_WARN_QUOTED_INCLUDE_IN_FRAMEWORK_HEADER = YES;
				CLANG_WARN_RANGE_LOOP_ANALYSIS = YES;
				CLANG_WARN_STRICT_PROTOTYPES = YES;
				CLANG_WARN_SUSPICIOUS_MOVE = YES;
				CLANG_WARN_UNGUARDED_AVAILABILITY = YES_AGGRESSIVE;
				CLANG_WARN_UNREACHABLE_CODE = YES;
				CLANG_WARN__DUPLICATE_METHOD_MATCH = YES;
				COPY_PHASE_STRIP = NO;
				CURRENT_PROJECT_VERSION = 1;
				DEBUG_INFORMATION_FORMAT = dwarf;
				ENABLE_STRICT_OBJC_MSGSEND = YES;
				ENABLE_TESTABILITY = YES;
				ENABLE_USER_SCRIPT_SANDBOXING = YES;
				GCC_C_LANGUAGE_STANDARD = gnu17;
				GCC_DYNAMIC_NO_PIC = NO;
				GCC_NO_COMMON_BLOCKS = YES;
				GCC_OPTIMIZATION_LEVEL = 0;
				GCC_PREPROCESSOR_DEFINITIONS = (
					"DEBUG=1",
					"$(inherited)",
				);
				GCC_WARN_64_TO_32_BIT_CONVERSION = YES;
				GCC_WARN_ABOUT_RETURN_TYPE = YES_ERROR;
				GCC_WARN_UNDECLARED_SELECTOR = YES;
				GCC_WARN_UNINITIALIZED_AUTOS = YES_AGGRESSIVE;
				GCC_WARN_UNUSED_FUNCTION = YES;
				GCC_WARN_UNUSED_VARIABLE = YES;
				IPHONEOS_DEPLOYMENT_TARGET = 17.2;
				LOCALIZATION_PREFERS_STRING_CATALOGS = YES;
				MTL_ENABLE_DEBUG_INFO = INCLUDE_SOURCE;
				MTL_FAST_MATH = YES;
				ONLY_ACTIVE_ARCH = YES;
				SDKROOT = iphoneos;
				SWIFT_ACTIVE_COMPILATION_CONDITIONS = "DEBUG $(inherited)";
				SWIFT_OPTIMIZATION_LEVEL = "-Onone";
				VERSIONING_SYSTEM = "apple-generic";
				VERSION_INFO_PREFIX = "";
			};
			name = Debug;
		};
		B93B5DA02B91127100FC528D /* Release */ = {
			isa = XCBuildConfiguration;
			buildSettings = {
				ALWAYS_SEARCH_USER_PATHS = NO;
				ASSETCATALOG_COMPILER_GENERATE_SWIFT_ASSET_SYMBOL_EXTENSIONS = YES;
				CLANG_ANALYZER_NONNULL = YES;
				CLANG_ANALYZER_NUMBER_OBJECT_CONVERSION = YES_AGGRESSIVE;
				CLANG_CXX_LANGUAGE_STANDARD = "gnu++20";
				CLANG_ENABLE_MODULES = YES;
				CLANG_ENABLE_OBJC_ARC = YES;
				CLANG_ENABLE_OBJC_WEAK = YES;
				CLANG_WARN_BLOCK_CAPTURE_AUTORELEASING = YES;
				CLANG_WARN_BOOL_CONVERSION = YES;
				CLANG_WARN_COMMA = YES;
				CLANG_WARN_CONSTANT_CONVERSION = YES;
				CLANG_WARN_DEPRECATED_OBJC_IMPLEMENTATIONS = YES;
				CLANG_WARN_DIRECT_OBJC_ISA_USAGE = YES_ERROR;
				CLANG_WARN_DOCUMENTATION_COMMENTS = YES;
				CLANG_WARN_EMPTY_BODY = YES;
				CLANG_WARN_ENUM_CONVERSION = YES;
				CLANG_WARN_INFINITE_RECURSION = YES;
				CLANG_WARN_INT_CONVERSION = YES;
				CLANG_WARN_NON_LITERAL_NULL_CONVERSION = YES;
				CLANG_WARN_OBJC_IMPLICIT_RETAIN_SELF = YES;
				CLANG_WARN_OBJC_LITERAL_CONVERSION = YES;
				CLANG_WARN_OBJC_ROOT_CLASS = YES_ERROR;
				CLANG_WARN_QUOTED_INCLUDE_IN_FRAMEWORK_HEADER = YES;
				CLANG_WARN_RANGE_LOOP_ANALYSIS = YES;
				CLANG_WARN_STRICT_PROTOTYPES = YES;
				CLANG_WARN_SUSPICIOUS_MOVE = YES;
				CLANG_WARN_UNGUARDED_AVAILABILITY = YES_AGGRESSIVE;
				CLANG_WARN_UNREACHABLE_CODE = YES;
				CLANG_WARN__DUPLICATE_METHOD_MATCH = YES;
				COPY_PHASE_STRIP = NO;
				CURRENT_PROJECT_VERSION = 1;
				DEBUG_INFORMATION_FORMAT = "dwarf-with-dsym";
				ENABLE_NS_ASSERTIONS = NO;
				ENABLE_STRICT_OBJC_MSGSEND = YES;
				ENABLE_USER_SCRIPT_SANDBOXING = YES;
				GCC_C_LANGUAGE_STANDARD = gnu17;
				GCC_NO_COMMON_BLOCKS = YES;
				GCC_WARN_64_TO_32_BIT_CONVERSION = YES;
				GCC_WARN_ABOUT_RETURN_TYPE = YES_ERROR;
				GCC_WARN_UNDECLARED_SELECTOR = YES;
				GCC_WARN_UNINITIALIZED_AUTOS = YES_AGGRESSIVE;
				GCC_WARN_UNUSED_FUNCTION = YES;
				GCC_WARN_UNUSED_VARIABLE = YES;
				IPHONEOS_DEPLOYMENT_TARGET = 17.2;
				LOCALIZATION_PREFERS_STRING_CATALOGS = YES;
				MTL_ENABLE_DEBUG_INFO = NO;
				MTL_FAST_MATH = YES;
				SDKROOT = iphoneos;
				SWIFT_COMPILATION_MODE = wholemodule;
				VALIDATE_PRODUCT = YES;
				VERSIONING_SYSTEM = "apple-generic";
				VERSION_INFO_PREFIX = "";
			};
			name = Release;
		};
		B93B5DA22B91127100FC528D /* Debug */ = {
			isa = XCBuildConfiguration;
			baseConfigurationReference = BC99780FACF7421D115AD403 /* Pods-ModuleC.debug.xcconfig */;
			buildSettings = {
				CODE_SIGN_STYLE = Automatic;
				CURRENT_PROJECT_VERSION = 1;
				DEFINES_MODULE = YES;
				DEVELOPMENT_TEAM = 7PZ5QJDFQN;
				DYLIB_COMPATIBILITY_VERSION = 1;
				DYLIB_CURRENT_VERSION = 1;
				DYLIB_INSTALL_NAME_BASE = "@rpath";
				ENABLE_MODULE_VERIFIER = YES;
				GENERATE_INFOPLIST_FILE = YES;
				INFOPLIST_KEY_NSHumanReadableCopyright = "";
				INSTALL_PATH = "$(LOCAL_LIBRARY_DIR)/Frameworks";
				LD_RUNPATH_SEARCH_PATHS = (
					"$(inherited)",
					"@executable_path/Frameworks",
					"@loader_path/Frameworks",
				);
				MARKETING_VERSION = 1.0;
				MODULE_VERIFIER_SUPPORTED_LANGUAGES = "objective-c objective-c++";
				MODULE_VERIFIER_SUPPORTED_LANGUAGE_STANDARDS = "gnu17 gnu++20";
				PRODUCT_BUNDLE_IDENTIFIER = com.popala.ModuleC;
				PRODUCT_NAME = "$(TARGET_NAME:c99extidentifier)";
				SKIP_INSTALL = YES;
				SWIFT_EMIT_LOC_STRINGS = YES;
				SWIFT_VERSION = 5.0;
				TARGETED_DEVICE_FAMILY = "1,2";
			};
			name = Debug;
		};
		B93B5DA32B91127100FC528D /* Release */ = {
			isa = XCBuildConfiguration;
			baseConfigurationReference = E442A961090E0688CAEAA104 /* Pods-ModuleC.release.xcconfig */;
			buildSettings = {
				CODE_SIGN_STYLE = Automatic;
				CURRENT_PROJECT_VERSION = 1;
				DEFINES_MODULE = YES;
				DEVELOPMENT_TEAM = 7PZ5QJDFQN;
				DYLIB_COMPATIBILITY_VERSION = 1;
				DYLIB_CURRENT_VERSION = 1;
				DYLIB_INSTALL_NAME_BASE = "@rpath";
				ENABLE_MODULE_VERIFIER = YES;
				GENERATE_INFOPLIST_FILE = YES;
				INFOPLIST_KEY_NSHumanReadableCopyright = "";
				INSTALL_PATH = "$(LOCAL_LIBRARY_DIR)/Frameworks";
				LD_RUNPATH_SEARCH_PATHS = (
					"$(inherited)",
					"@executable_path/Frameworks",
					"@loader_path/Frameworks",
				);
				MARKETING_VERSION = 1.0;
				MODULE_VERIFIER_SUPPORTED_LANGUAGES = "objective-c objective-c++";
				MODULE_VERIFIER_SUPPORTED_LANGUAGE_STANDARDS = "gnu17 gnu++20";
				PRODUCT_BUNDLE_IDENTIFIER = com.popala.ModuleC;
				PRODUCT_NAME = "$(TARGET_NAME:c99extidentifier)";
				SKIP_INSTALL = YES;
				SWIFT_EMIT_LOC_STRINGS = YES;
				SWIFT_VERSION = 5.0;
				TARGETED_DEVICE_FAMILY = "1,2";
			};
			name = Release;
		};
		B93B5DA52B91127100FC528D /* Debug */ = {
			isa = XCBuildConfiguration;
			baseConfigurationReference = F42B3CED6BD114FF66AB7F15 /* Pods-ModuleC-ModuleCTests.debug.xcconfig */;
			buildSettings = {
				ALWAYS_EMBED_SWIFT_STANDARD_LIBRARIES = YES;
				CODE_SIGN_STYLE = Automatic;
				CURRENT_PROJECT_VERSION = 1;
				DEVELOPMENT_TEAM = 7PZ5QJDFQN;
				GENERATE_INFOPLIST_FILE = YES;
				MARKETING_VERSION = 1.0;
				PRODUCT_BUNDLE_IDENTIFIER = com.popala.ModuleCTests;
				PRODUCT_NAME = "$(TARGET_NAME)";
				SWIFT_EMIT_LOC_STRINGS = NO;
				SWIFT_VERSION = 5.0;
				TARGETED_DEVICE_FAMILY = "1,2";
			};
			name = Debug;
		};
		B93B5DA62B91127100FC528D /* Release */ = {
			isa = XCBuildConfiguration;
			baseConfigurationReference = 2ADEBB98BB9DE37CD4597FF9 /* Pods-ModuleC-ModuleCTests.release.xcconfig */;
			buildSettings = {
				ALWAYS_EMBED_SWIFT_STANDARD_LIBRARIES = YES;
				CODE_SIGN_STYLE = Automatic;
				CURRENT_PROJECT_VERSION = 1;
				DEVELOPMENT_TEAM = 7PZ5QJDFQN;
				GENERATE_INFOPLIST_FILE = YES;
				MARKETING_VERSION = 1.0;
				PRODUCT_BUNDLE_IDENTIFIER = com.popala.ModuleCTests;
				PRODUCT_NAME = "$(TARGET_NAME)";
				SWIFT_EMIT_LOC_STRINGS = NO;
				SWIFT_VERSION = 5.0;
				TARGETED_DEVICE_FAMILY = "1,2";
			};
			name = Release;
		};
/* End XCBuildConfiguration section */

/* Begin XCConfigurationList section */
		B93B5D872B91127100FC528D /* Build configuration list for PBXProject "ModuleC" */ = {
			isa = XCConfigurationList;
			buildConfigurations = (
				B93B5D9F2B91127100FC528D /* Debug */,
				B93B5DA02B91127100FC528D /* Release */,
			);
			defaultConfigurationIsVisible = 0;
			defaultConfigurationName = Release;
		};
		B93B5DA12B91127100FC528D /* Build configuration list for PBXNativeTarget "ModuleC" */ = {
			isa = XCConfigurationList;
			buildConfigurations = (
				B93B5DA22B91127100FC528D /* Debug */,
				B93B5DA32B91127100FC528D /* Release */,
			);
			defaultConfigurationIsVisible = 0;
			defaultConfigurationName = Release;
		};
		B93B5DA42B91127100FC528D /* Build configuration list for PBXNativeTarget "ModuleCTests" */ = {
			isa = XCConfigurationList;
			buildConfigurations = (
				B93B5DA52B91127100FC528D /* Debug */,
				B93B5DA62B91127100FC528D /* Release */,
			);
			defaultConfigurationIsVisible = 0;
			defaultConfigurationName = Release;
		};
/* End XCConfigurationList section */
	};
	rootObject = B93B5D842B91127100FC528D /* Project object */;
}
